
Microsoft Visual Studio Solution File, Format Version 11.00
# Visual Studio 2010
Project("{8BC9CEB8-8B4A-11D0-8D11-00A0C91BC942}") = "Test", "Test.vcxproj", "{F3B85696-2D62-436B-9FE4-4A7B02092412}"
EndProject
Project("{2150E333-8FDC-42A3-9474-1A3956D46DE8}") = "Solution Items", "Solution Items", "{D1B961D7-1687-4869-892C-D7FA0DE89426}"
	ProjectSection(SolutionItems) = preProject
		Local.testsettings = Local.testsettings
		Test.vsmdi = Test.vsmdi
		TraceAndTestImpact.testsettings = TraceAndTestImpact.testsettings
	EndProjectSection
EndProject
Global
	GlobalSection(TestCaseManagementSettings) = postSolution
		CategoryFile = Test.vsmdi
	EndGlobalSection
	GlobalSection(SolutionConfigurationPlatforms) = preSolution
		Debug|Win32 = Debug|Win32
		Release|Win32 = Release|Win32
	EndGlobalSection
	GlobalSection(ProjectConfigurationPlatforms) = postSolution
		{F3B85696-2D62-436B-9FE4-4A7B02092412}.Debug|Win32.ActiveCfg = Debug|Win32
		{F3B85696-2D62-436B-9FE4-4A7B02092412}.Debug|Win32.Build.0 = Debug|Win32
		{F3B85696-2D62-436B-9FE4-4A7B02092412}.Release|Win32.ActiveCfg = Release|Win32
		{F3B85696-2D62-436B-9FE4-4A7B02092412}.Release|Win32.Build.0 = Release|Win32
	EndGlobalSection
	GlobalSection(SolutionProperties) = preSolution
		HideSolutionNode = FALSE
	EndGlobalSection
EndGlobal
